
Microsoft Visual Studio Solution File, Format Version 12.00
# Visual Studio Version 17
VisualStudioVersion = 17.5.002.0
MinimumVisualStudioVersion = 10.0.40219.1
Project("{9A19103F-16F7-4668-BE54-9A1E7A4F7556}") = "api-rfp-resume", "api-rfp-resume.csproj", "{CBDBA9AA-2875-46C7-98FC-211E58C647D5}"
EndProject
Global
	GlobalSection(SolutionConfigurationPlatforms) = preSolution
		Debug|Any CPU = Debug|Any CPU
		Release|Any CPU = Release|Any CPU
	EndGlobalSection
	GlobalSection(ProjectConfigurationPlatforms) = postSolution
		{CBDBA9AA-2875-46C7-98FC-211E58C647D5}.Debug|Any CPU.ActiveCfg = Debug|Any CPU
		{CBDBA9AA-2875-46C7-98FC-211E58C647D5}.Debug|Any CPU.Build.0 = Debug|Any CPU
		{CBDBA9AA-2875-46C7-98FC-211E58C647D5}.Release|Any CPU.ActiveCfg = Release|Any CPU
		{CBDBA9AA-2875-46C7-98FC-211E58C647D5}.Release|Any CPU.Build.0 = Release|Any CPU
	EndGlobalSection
	GlobalSection(SolutionProperties) = preSolution
		HideSolutionNode = FALSE
	EndGlobalSection
	GlobalSection(ExtensibilityGlobals) = postSolution
		SolutionGuid = {C36D3CF8-A56D-4C1D-8D49-B46A7CBF2860}
	EndGlobalSection
EndGlobal
