
Microsoft Visual Studio Solution File, Format Version 12.00
# Visual Studio Version 17
VisualStudioVersion = 17.5.002.0
MinimumVisualStudioVersion = 10.0.40219.1
Project("{9A19103F-16F7-4668-BE54-9A1E7A4F7556}") = "api-resume-match", "api-resume-match.csproj", "{7E9C5B55-5A85-4F64-B7A4-59757D6B2C27}"
EndProject
Global
	GlobalSection(SolutionConfigurationPlatforms) = preSolution
		Debug|Any CPU = Debug|Any CPU
		Release|Any CPU = Release|Any CPU
	EndGlobalSection
	GlobalSection(ProjectConfigurationPlatforms) = postSolution
		{7E9C5B55-5A85-4F64-B7A4-59757D6B2C27}.Debug|Any CPU.ActiveCfg = Debug|Any CPU
		{7E9C5B55-5A85-4F64-B7A4-59757D6B2C27}.Debug|Any CPU.Build.0 = Debug|Any CPU
		{7E9C5B55-5A85-4F64-B7A4-59757D6B2C27}.Release|Any CPU.ActiveCfg = Release|Any CPU
		{7E9C5B55-5A85-4F64-B7A4-59757D6B2C27}.Release|Any CPU.Build.0 = Release|Any CPU
	EndGlobalSection
	GlobalSection(SolutionProperties) = preSolution
		HideSolutionNode = FALSE
	EndGlobalSection
	GlobalSection(ExtensibilityGlobals) = postSolution
		SolutionGuid = {F5F0BFE2-85EB-4DB1-837C-0A79CE3EBC44}
	EndGlobalSection
EndGlobal
